{
  "requires": true,
  "lockfileVersion": 1,
  "dependencies": {
    "base64-js": {
      "version": "1.5.1",
      "resolved": "https://registry.npmjs.org/base64-js/-/base64-js-1.5.1.tgz",
      "integrity": "sha512-AKpaYlHn8t4SVbOHCy+b5+KKgvR4vrsD8vbvrbiQJps7fKDTkjkDry6ji0rUJjC0kzbNePLwzxq8iypo41qeWA=="
    },
    "js-tiktoken": {
      "version": "1.0.8",
      "resolved": "https://registry.npmjs.org/js-tiktoken/-/js-tiktoken-1.0.8.tgz",
      "integrity": "sha512-r7XK3E9/I+SOrbAGqb39pyO/rHAS1diAOSRAvaaLfHgXjkUSK9AiSd+r84Vn2f/GvXJYRAxKj8NHrUvqlaH5qg==",
      "requires": {
        "base64-js": "^1.5.1"
      }
    }
  }
}
